
Microsoft Visual Studio Solution File, Format Version 12.00
# Visual Studio Version 17
VisualStudioVersion = 17.7.34031.279
MinimumVisualStudioVersion = 10.0.40219.1
Project("{FAE04EC0-301F-11D3-BF4B-00C04F79EFBC}") = "Zabota", "Zabota\Zabota.csproj", "{C9D35E92-2A8D-4A39-B59F-6F477CD846C9}"
EndProject
Global
	GlobalSection(SolutionConfigurationPlatforms) = preSolution
		Debug|Any CPU = Debug|Any CPU
		Release|Any CPU = Release|Any CPU
	EndGlobalSection
	GlobalSection(ProjectConfigurationPlatforms) = postSolution
		{C9D35E92-2A8D-4A39-B59F-6F477CD846C9}.Debug|Any CPU.ActiveCfg = Debug|Any CPU
		{C9D35E92-2A8D-4A39-B59F-6F477CD846C9}.Debug|Any CPU.Build.0 = Debug|Any CPU
		{C9D35E92-2A8D-4A39-B59F-6F477CD846C9}.Release|Any CPU.ActiveCfg = Release|Any CPU
		{C9D35E92-2A8D-4A39-B59F-6F477CD846C9}.Release|Any CPU.Build.0 = Release|Any CPU
	EndGlobalSection
	GlobalSection(SolutionProperties) = preSolution
		HideSolutionNode = FALSE
	EndGlobalSection
	GlobalSection(ExtensibilityGlobals) = postSolution
		SolutionGuid = {5061CE18-8197-44DB-BE85-1862D4E3FFDE}
	EndGlobalSection
EndGlobal
